
Microsoft Visual Studio Solution File, Format Version 12.00
# Visual Studio Version 17
VisualStudioVersion = 17.4.33205.214
MinimumVisualStudioVersion = 10.0.40219.1
Project("{9A19103F-16F7-4668-BE54-9A1E7A4F7556}") = "LinkingSample", "LinkingSample\LinkingSample.csproj", "{9ABCF99B-E65B-45F6-9103-80E8EC5EE11B}"
EndProject
Project("{9A19103F-16F7-4668-BE54-9A1E7A4F7556}") = "Authenticate", "Authenticate\Authenticate.csproj", "{0328293B-5DB7-43B1-BB54-D81395905E24}"
EndProject
Project("{9A19103F-16F7-4668-BE54-9A1E7A4F7556}") = "DatabaseAccess", "DatabaseAccess\DatabaseAccess.csproj", "{F84AB964-A526-4CEC-8987-FCE666D6BEFF}"
EndProject
Global
	GlobalSection(SolutionConfigurationPlatforms) = preSolution
		Debug|Any CPU = Debug|Any CPU
		Release|Any CPU = Release|Any CPU
	EndGlobalSection
	GlobalSection(ProjectConfigurationPlatforms) = postSolution
		{9ABCF99B-E65B-45F6-9103-80E8EC5EE11B}.Debug|Any CPU.ActiveCfg = Debug|Any CPU
		{9ABCF99B-E65B-45F6-9103-80E8EC5EE11B}.Debug|Any CPU.Build.0 = Debug|Any CPU
		{9ABCF99B-E65B-45F6-9103-80E8EC5EE11B}.Release|Any CPU.ActiveCfg = Release|Any CPU
		{9ABCF99B-E65B-45F6-9103-80E8EC5EE11B}.Release|Any CPU.Build.0 = Release|Any CPU
		{0328293B-5DB7-43B1-BB54-D81395905E24}.Debug|Any CPU.ActiveCfg = Debug|Any CPU
		{0328293B-5DB7-43B1-BB54-D81395905E24}.Debug|Any CPU.Build.0 = Debug|Any CPU
		{0328293B-5DB7-43B1-BB54-D81395905E24}.Release|Any CPU.ActiveCfg = Release|Any CPU
		{0328293B-5DB7-43B1-BB54-D81395905E24}.Release|Any CPU.Build.0 = Release|Any CPU
		{F84AB964-A526-4CEC-8987-FCE666D6BEFF}.Debug|Any CPU.ActiveCfg = Debug|Any CPU
		{F84AB964-A526-4CEC-8987-FCE666D6BEFF}.Debug|Any CPU.Build.0 = Debug|Any CPU
		{F84AB964-A526-4CEC-8987-FCE666D6BEFF}.Release|Any CPU.ActiveCfg = Release|Any CPU
		{F84AB964-A526-4CEC-8987-FCE666D6BEFF}.Release|Any CPU.Build.0 = Release|Any CPU
	EndGlobalSection
	GlobalSection(SolutionProperties) = preSolution
		HideSolutionNode = FALSE
	EndGlobalSection
	GlobalSection(ExtensibilityGlobals) = postSolution
		SolutionGuid = {4F7972A6-0BF3-4FB9-A119-FF77933BAF2E}
	EndGlobalSection
EndGlobal
