
Microsoft Visual Studio Solution File, Format Version 12.00
# Visual Studio Version 17
VisualStudioVersion = 17.2.32602.215
MinimumVisualStudioVersion = 10.0.40219.1
Project("{FAE04EC0-301F-11D3-BF4B-00C04F79EFBC}") = "GettingStarted", "GettingStarted.csproj", "{72B59563-BAAE-43BF-93EF-87264DC570CA}"
EndProject
Global
	GlobalSection(SolutionConfigurationPlatforms) = preSolution
		Debug|Any CPU = Debug|Any CPU
		Release|Any CPU = Release|Any CPU
	EndGlobalSection
	GlobalSection(ProjectConfigurationPlatforms) = postSolution
		{72B59563-BAAE-43BF-93EF-87264DC570CA}.Debug|Any CPU.ActiveCfg = Debug|Any CPU
		{72B59563-BAAE-43BF-93EF-87264DC570CA}.Debug|Any CPU.Build.0 = Debug|Any CPU
		{72B59563-BAAE-43BF-93EF-87264DC570CA}.Release|Any CPU.ActiveCfg = Release|Any CPU
		{72B59563-BAAE-43BF-93EF-87264DC570CA}.Release|Any CPU.Build.0 = Release|Any CPU
	EndGlobalSection
	GlobalSection(SolutionProperties) = preSolution
		HideSolutionNode = FALSE
	EndGlobalSection
	GlobalSection(ExtensibilityGlobals) = postSolution
		SolutionGuid = {4D4D9DC2-C2E9-4E10-80EC-3ACB32D7BACC}
	EndGlobalSection
EndGlobal
